
Microsoft Visual Studio Solution File, Format Version 12.00
# Visual Studio Version 17
VisualStudioVersion = 17.6.33829.357
MinimumVisualStudioVersion = 10.0.40219.1
Project("{FAE04EC0-301F-11D3-BF4B-00C04F79EFBC}") = "13-generics", "13-generics.csproj", "{3A29CFE8-0CA9-45FC-90A5-D460BD052D76}"
EndProject
Global
	GlobalSection(SolutionConfigurationPlatforms) = preSolution
		Debug|Any CPU = Debug|Any CPU
		Release|Any CPU = Release|Any CPU
	EndGlobalSection
	GlobalSection(ProjectConfigurationPlatforms) = postSolution
		{3A29CFE8-0CA9-45FC-90A5-D460BD052D76}.Debug|Any CPU.ActiveCfg = Debug|Any CPU
		{3A29CFE8-0CA9-45FC-90A5-D460BD052D76}.Debug|Any CPU.Build.0 = Debug|Any CPU
		{3A29CFE8-0CA9-45FC-90A5-D460BD052D76}.Release|Any CPU.ActiveCfg = Release|Any CPU
		{3A29CFE8-0CA9-45FC-90A5-D460BD052D76}.Release|Any CPU.Build.0 = Release|Any CPU
	EndGlobalSection
	GlobalSection(SolutionProperties) = preSolution
		HideSolutionNode = FALSE
	EndGlobalSection
	GlobalSection(ExtensibilityGlobals) = postSolution
		SolutionGuid = {62EB3BFC-46E8-493C-A148-525FAF214312}
	EndGlobalSection
EndGlobal
