
Microsoft Visual Studio Solution File, Format Version 12.00
# Visual Studio Version 17
VisualStudioVersion = 17.6.33829.357
MinimumVisualStudioVersion = 10.0.40219.1
Project("{FAE04EC0-301F-11D3-BF4B-00C04F79EFBC}") = "03-oop-imlementation", "03-oop-imlementation\03-oop-imlementation.csproj", "{F0A84A05-487A-439E-9A99-B04C289E53EC}"
EndProject
Global
	GlobalSection(SolutionConfigurationPlatforms) = preSolution
		Debug|Any CPU = Debug|Any CPU
		Release|Any CPU = Release|Any CPU
	EndGlobalSection
	GlobalSection(ProjectConfigurationPlatforms) = postSolution
		{F0A84A05-487A-439E-9A99-B04C289E53EC}.Debug|Any CPU.ActiveCfg = Debug|Any CPU
		{F0A84A05-487A-439E-9A99-B04C289E53EC}.Debug|Any CPU.Build.0 = Debug|Any CPU
		{F0A84A05-487A-439E-9A99-B04C289E53EC}.Release|Any CPU.ActiveCfg = Release|Any CPU
		{F0A84A05-487A-439E-9A99-B04C289E53EC}.Release|Any CPU.Build.0 = Release|Any CPU
	EndGlobalSection
	GlobalSection(SolutionProperties) = preSolution
		HideSolutionNode = FALSE
	EndGlobalSection
	GlobalSection(ExtensibilityGlobals) = postSolution
		SolutionGuid = {CD721854-52E2-41C3-AA72-05D3DD08FDC3}
	EndGlobalSection
EndGlobal
